
Microsoft Visual Studio Solution File, Format Version 12.00
# Visual Studio Version 17
VisualStudioVersion = 17.13.35825.156 d17.13
MinimumVisualStudioVersion = 10.0.40219.1
Project("{FAE04EC0-301F-11D3-BF4B-00C04F79EFBC}") = "OOPTest", "OOPTest\OOPTest.csproj", "{47319F3C-5E50-46BE-B22C-345F14C599B4}"
EndProject
Global
	GlobalSection(SolutionConfigurationPlatforms) = preSolution
		Debug|Any CPU = Debug|Any CPU
		Release|Any CPU = Release|Any CPU
	EndGlobalSection
	GlobalSection(ProjectConfigurationPlatforms) = postSolution
		{47319F3C-5E50-46BE-B22C-345F14C599B4}.Debug|Any CPU.ActiveCfg = Debug|Any CPU
		{47319F3C-5E50-46BE-B22C-345F14C599B4}.Debug|Any CPU.Build.0 = Debug|Any CPU
		{47319F3C-5E50-46BE-B22C-345F14C599B4}.Release|Any CPU.ActiveCfg = Release|Any CPU
		{47319F3C-5E50-46BE-B22C-345F14C599B4}.Release|Any CPU.Build.0 = Release|Any CPU
	EndGlobalSection
	GlobalSection(SolutionProperties) = preSolution
		HideSolutionNode = FALSE
	EndGlobalSection
	GlobalSection(ExtensibilityGlobals) = postSolution
		SolutionGuid = {307FB683-AAAC-4CDD-BD5F-EAA0F7B6B8AF}
	EndGlobalSection
EndGlobal
